
Microsoft Visual Studio Solution File, Format Version 12.00
# Visual Studio Version 16
VisualStudioVersion = 16.0.30907.101
MinimumVisualStudioVersion = 10.0.40219.1
Project("{FAE04EC0-301F-11D3-BF4B-00C04F79EFBC}") = "JwtAuth", "JwtAuth\JwtAuth.csproj", "{1CA61CA6-12A2-4E78-9D5E-C1389FAA9A7C}"
EndProject
Global
	GlobalSection(SolutionConfigurationPlatforms) = preSolution
		Debug|Any CPU = Debug|Any CPU
		Release|Any CPU = Release|Any CPU
	EndGlobalSection
	GlobalSection(ProjectConfigurationPlatforms) = postSolution
		{1CA61CA6-12A2-4E78-9D5E-C1389FAA9A7C}.Debug|Any CPU.ActiveCfg = Debug|Any CPU
		{1CA61CA6-12A2-4E78-9D5E-C1389FAA9A7C}.Debug|Any CPU.Build.0 = Debug|Any CPU
		{1CA61CA6-12A2-4E78-9D5E-C1389FAA9A7C}.Release|Any CPU.ActiveCfg = Release|Any CPU
		{1CA61CA6-12A2-4E78-9D5E-C1389FAA9A7C}.Release|Any CPU.Build.0 = Release|Any CPU
	EndGlobalSection
	GlobalSection(SolutionProperties) = preSolution
		HideSolutionNode = FALSE
	EndGlobalSection
	GlobalSection(ExtensibilityGlobals) = postSolution
		SolutionGuid = {AB0DFCAB-DBA7-40BA-B7EF-3E8B9EDD38E8}
	EndGlobalSection
EndGlobal
